// !$*UTF8*$!
{
	archiveVersion = 1;
	classes = {
	};
	objectVersion = 55;
	objects = {

/* Begin PBXBuildFile section */
		542B59B526FE656450C3E928 /* Pods_KeychainAppTwo.framework in Frameworks */ = {isa = PBXBuildFile; fileRef = 276965E8F2A83CD1E807BE46 /* Pods_KeychainAppTwo.framework */; };
		DC6E4CBF27907E8200EC52B6 /* AppDelegate.swift in Sources */ = {isa = PBXBuildFile; fileRef = DC6E4CBE27907E8200EC52B6 /* AppDelegate.swift */; };
		DC6E4CC127907E8300EC52B6 /* SceneDelegate.swift in Sources */ = {isa = PBXBuildFile; fileRef = DC6E4CC027907E8300EC52B6 /* SceneDelegate.swift */; };
		DC6E4CC327907E8300EC52B6 /* SetViewController.swift in Sources */ = {isa = PBXBuildFile; fileRef = DC6E4CC227907E8300EC52B6 /* SetViewController.swift */; };
		DC6E4CC627907E8300EC52B6 /* Main.storyboard in Resources */ = {isa = PBXBuildFile; fileRef = DC6E4CC427907E8300EC52B6 /* Main.storyboard */; };
		DC6E4CC827907E8400EC52B6 /* Assets.xcassets in Resources */ = {isa = PBXBuildFile; fileRef = DC6E4CC727907E8400EC52B6 /* Assets.xcassets */; };
		DC6E4CCB27907E8400EC52B6 /* LaunchScreen.storyboard in Resources */ = {isa = PBXBuildFile; fileRef = DC6E4CC927907E8400EC52B6 /* LaunchScreen.storyboard */; };
		DC6E4CD327907FB400EC52B6 /* SharedKeychainSwift.swift in Sources */ = {isa = PBXBuildFile; fileRef = DC6E4CD227907FB400EC52B6 /* SharedKeychainSwift.swift */; };
		DC6E4CD627907FFD00EC52B6 /* StoreKit.framework in Frameworks */ = {isa = PBXBuildFile; fileRef = DC6E4CD527907FFD00EC52B6 /* StoreKit.framework */; };
		DC6E4CDD2790803000EC52B6 /* UniformTypeIdentifiers.framework in Frameworks */ = {isa = PBXBuildFile; fileRef = DC6E4CDC2790803000EC52B6 /* UniformTypeIdentifiers.framework */; };
		DC6E4CE02790803000EC52B6 /* Media.xcassets in Resources */ = {isa = PBXBuildFile; fileRef = DC6E4CDF2790803000EC52B6 /* Media.xcassets */; };
		DC6E4CE22790803000EC52B6 /* ActionViewController.swift in Sources */ = {isa = PBXBuildFile; fileRef = DC6E4CE12790803000EC52B6 /* ActionViewController.swift */; };
		DC6E4CE52790803000EC52B6 /* MainInterface.storyboard in Resources */ = {isa = PBXBuildFile; fileRef = DC6E4CE32790803000EC52B6 /* MainInterface.storyboard */; };
		DC6E4CE92790803000EC52B6 /* KeychainAppOne.appex in Embed App Extensions */ = {isa = PBXBuildFile; fileRef = DC6E4CDB2790803000EC52B6 /* KeychainAppOne.appex */; settings = {ATTRIBUTES = (RemoveHeadersOnCopy, ); }; };
		DC6E4CF02790827A00EC52B6 /* SharedKeychainSwift.swift in Sources */ = {isa = PBXBuildFile; fileRef = DC6E4CD227907FB400EC52B6 /* SharedKeychainSwift.swift */; };
		DCDA18E627915B2800F5901F /* Pods_KeychainAppOne.framework in Frameworks */ = {isa = PBXBuildFile; fileRef = 052637639594376710B101A2 /* Pods_KeychainAppOne.framework */; };
/* End PBXBuildFile section */

/* Begin PBXContainerItemProxy section */
		DC6E4CE72790803000EC52B6 /* PBXContainerItemProxy */ = {
			isa = PBXContainerItemProxy;
			containerPortal = DC6E4CB327907E8200EC52B6 /* Project object */;
			proxyType = 1;
			remoteGlobalIDString = DC6E4CDA2790803000EC52B6;
			remoteInfo = KeychainAppOne;
		};
/* End PBXContainerItemProxy section */

/* Begin PBXCopyFilesBuildPhase section */
		DC6E4CED2790803000EC52B6 /* Embed App Extensions */ = {
			isa = PBXCopyFilesBuildPhase;
			buildActionMask = 2147483647;
			dstPath = "";
			dstSubfolderSpec = 13;
			files = (
				DC6E4CE92790803000EC52B6 /* KeychainAppOne.appex in Embed App Extensions */,
			);
			name = "Embed App Extensions";
			runOnlyForDeploymentPostprocessing = 0;
		};
/* End PBXCopyFilesBuildPhase section */

/* Begin PBXFileReference section */
		052637639594376710B101A2 /* Pods_KeychainAppOne.framework */ = {isa = PBXFileReference; explicitFileType = wrapper.framework; includeInIndex = 0; path = Pods_KeychainAppOne.framework; sourceTree = BUILT_PRODUCTS_DIR; };
		13AE6714E5A6B9E7AFB63AFD /* Pods-KeychainAppOne.release.xcconfig */ = {isa = PBXFileReference; includeInIndex = 1; lastKnownFileType = text.xcconfig; name = "Pods-KeychainAppOne.release.xcconfig"; path = "Target Support Files/Pods-KeychainAppOne/Pods-KeychainAppOne.release.xcconfig"; sourceTree = "<group>"; };
		276965E8F2A83CD1E807BE46 /* Pods_KeychainAppTwo.framework */ = {isa = PBXFileReference; explicitFileType = wrapper.framework; includeInIndex = 0; path = Pods_KeychainAppTwo.framework; sourceTree = BUILT_PRODUCTS_DIR; };
		3B455C4BE8566DC0F5B37E2E /* Pods-KeychainAppTwo.debug.xcconfig */ = {isa = PBXFileReference; includeInIndex = 1; lastKnownFileType = text.xcconfig; name = "Pods-KeychainAppTwo.debug.xcconfig"; path = "Target Support Files/Pods-KeychainAppTwo/Pods-KeychainAppTwo.debug.xcconfig"; sourceTree = "<group>"; };
		D11817A6E0608AF85ED0F7D5 /* Pods-KeychainAppOne.debug.xcconfig */ = {isa = PBXFileReference; includeInIndex = 1; lastKnownFileType = text.xcconfig; name = "Pods-KeychainAppOne.debug.xcconfig"; path = "Target Support Files/Pods-KeychainAppOne/Pods-KeychainAppOne.debug.xcconfig"; sourceTree = "<group>"; };
		DC6E4CBB27907E8200EC52B6 /* KeychainAppTwo.app */ = {isa = PBXFileReference; explicitFileType = wrapper.application; includeInIndex = 0; path = KeychainAppTwo.app; sourceTree = BUILT_PRODUCTS_DIR; };
		DC6E4CBE27907E8200EC52B6 /* AppDelegate.swift */ = {isa = PBXFileReference; lastKnownFileType = sourcecode.swift; path = AppDelegate.swift; sourceTree = "<group>"; };
		DC6E4CC027907E8300EC52B6 /* SceneDelegate.swift */ = {isa = PBXFileReference; lastKnownFileType = sourcecode.swift; path = SceneDelegate.swift; sourceTree = "<group>"; };
		DC6E4CC227907E8300EC52B6 /* SetViewController.swift */ = {isa = PBXFileReference; lastKnownFileType = sourcecode.swift; path = SetViewController.swift; sourceTree = "<group>"; };
		DC6E4CC527907E8300EC52B6 /* Base */ = {isa = PBXFileReference; lastKnownFileType = file.storyboard; name = Base; path = Base.lproj/Main.storyboard; sourceTree = "<group>"; };
		DC6E4CC727907E8400EC52B6 /* Assets.xcassets */ = {isa = PBXFileReference; lastKnownFileType = folder.assetcatalog; path = Assets.xcassets; sourceTree = "<group>"; };
		DC6E4CCA27907E8400EC52B6 /* Base */ = {isa = PBXFileReference; lastKnownFileType = file.storyboard; name = Base; path = Base.lproj/LaunchScreen.storyboard; sourceTree = "<group>"; };
		DC6E4CCC27907E8400EC52B6 /* Info.plist */ = {isa = PBXFileReference; lastKnownFileType = text.plist.xml; path = Info.plist; sourceTree = "<group>"; };
		DC6E4CD227907FB400EC52B6 /* SharedKeychainSwift.swift */ = {isa = PBXFileReference; fileEncoding = 4; lastKnownFileType = sourcecode.swift; path = SharedKeychainSwift.swift; sourceTree = "<group>"; };
		DC6E4CD427907FDF00EC52B6 /* KeychainAppTwo.entitlements */ = {isa = PBXFileReference; lastKnownFileType = text.plist.entitlements; path = KeychainAppTwo.entitlements; sourceTree = "<group>"; };
		DC6E4CD527907FFD00EC52B6 /* StoreKit.framework */ = {isa = PBXFileReference; lastKnownFileType = wrapper.framework; name = StoreKit.framework; path = System/Library/Frameworks/StoreKit.framework; sourceTree = SDKROOT; };
		DC6E4CDB2790803000EC52B6 /* KeychainAppOne.appex */ = {isa = PBXFileReference; explicitFileType = "wrapper.app-extension"; includeInIndex = 0; path = KeychainAppOne.appex; sourceTree = BUILT_PRODUCTS_DIR; };
		DC6E4CDC2790803000EC52B6 /* UniformTypeIdentifiers.framework */ = {isa = PBXFileReference; lastKnownFileType = wrapper.framework; name = UniformTypeIdentifiers.framework; path = System/Library/Frameworks/UniformTypeIdentifiers.framework; sourceTree = SDKROOT; };
		DC6E4CDF2790803000EC52B6 /* Media.xcassets */ = {isa = PBXFileReference; lastKnownFileType = folder.assetcatalog; path = Media.xcassets; sourceTree = "<group>"; };
		DC6E4CE12790803000EC52B6 /* ActionViewController.swift */ = {isa = PBXFileReference; lastKnownFileType = sourcecode.swift; path = ActionViewController.swift; sourceTree = "<group>"; };
		DC6E4CE42790803000EC52B6 /* Base */ = {isa = PBXFileReference; lastKnownFileType = file.storyboard; name = Base; path = Base.lproj/MainInterface.storyboard; sourceTree = "<group>"; };
		DC6E4CE62790803000EC52B6 /* Info.plist */ = {isa = PBXFileReference; lastKnownFileType = text.plist.xml; path = Info.plist; sourceTree = "<group>"; };
		DC6E4CEE2790804000EC52B6 /* KeychainAppOne.entitlements */ = {isa = PBXFileReference; lastKnownFileType = text.plist.entitlements; path = KeychainAppOne.entitlements; sourceTree = "<group>"; };
		DCC5AEEEFCA5DDDA024D697A /* Pods-KeychainAppTwo.release.xcconfig */ = {isa = PBXFileReference; includeInIndex = 1; lastKnownFileType = text.xcconfig; name = "Pods-KeychainAppTwo.release.xcconfig"; path = "Target Support Files/Pods-KeychainAppTwo/Pods-KeychainAppTwo.release.xcconfig"; sourceTree = "<group>"; };
/* End PBXFileReference section */

/* Begin PBXFrameworksBuildPhase section */
		DC6E4CB827907E8200EC52B6 /* Frameworks */ = {
			isa = PBXFrameworksBuildPhase;
			buildActionMask = 2147483647;
			files = (
				542B59B526FE656450C3E928 /* Pods_KeychainAppTwo.framework in Frameworks */,
				DC6E4CD627907FFD00EC52B6 /* StoreKit.framework in Frameworks */,
			);
			runOnlyForDeploymentPostprocessing = 0;
		};
		DC6E4CD82790803000EC52B6 /* Frameworks */ = {
			isa = PBXFrameworksBuildPhase;
			buildActionMask = 2147483647;
			files = (
				DC6E4CDD2790803000EC52B6 /* UniformTypeIdentifiers.framework in Frameworks */,
				DCDA18E627915B2800F5901F /* Pods_KeychainAppOne.framework in Frameworks */,
			);
			runOnlyForDeploymentPostprocessing = 0;
		};
/* End PBXFrameworksBuildPhase section */

/* Begin PBXGroup section */
		5148B7C5C2330DB94479530D /* Pods */ = {
			isa = PBXGroup;
			children = (
				3B455C4BE8566DC0F5B37E2E /* Pods-KeychainAppTwo.debug.xcconfig */,
				DCC5AEEEFCA5DDDA024D697A /* Pods-KeychainAppTwo.release.xcconfig */,
				D11817A6E0608AF85ED0F7D5 /* Pods-KeychainAppOne.debug.xcconfig */,
				13AE6714E5A6B9E7AFB63AFD /* Pods-KeychainAppOne.release.xcconfig */,
			);
			path = Pods;
			sourceTree = "<group>";
		};
		DC6E4CB227907E8200EC52B6 = {
			isa = PBXGroup;
			children = (
				DC6E4CBD27907E8200EC52B6 /* KeychainAppTwo */,
				DC6E4CDE2790803000EC52B6 /* KeychainAppOne */,
				DC6E4CBC27907E8200EC52B6 /* Products */,
				5148B7C5C2330DB94479530D /* Pods */,
				F45A8D54B6BDA451ED6F3110 /* Frameworks */,
			);
			sourceTree = "<group>";
		};
		DC6E4CBC27907E8200EC52B6 /* Products */ = {
			isa = PBXGroup;
			children = (
				DC6E4CBB27907E8200EC52B6 /* KeychainAppTwo.app */,
				DC6E4CDB2790803000EC52B6 /* KeychainAppOne.appex */,
			);
			name = Products;
			sourceTree = "<group>";
		};
		DC6E4CBD27907E8200EC52B6 /* KeychainAppTwo */ = {
			isa = PBXGroup;
			children = (
				DC6E4CD427907FDF00EC52B6 /* KeychainAppTwo.entitlements */,
				DC6E4CD227907FB400EC52B6 /* SharedKeychainSwift.swift */,
				DC6E4CBE27907E8200EC52B6 /* AppDelegate.swift */,
				DC6E4CC027907E8300EC52B6 /* SceneDelegate.swift */,
				DC6E4CC227907E8300EC52B6 /* SetViewController.swift */,
				DC6E4CC427907E8300EC52B6 /* Main.storyboard */,
				DC6E4CC727907E8400EC52B6 /* Assets.xcassets */,
				DC6E4CC927907E8400EC52B6 /* LaunchScreen.storyboard */,
				DC6E4CCC27907E8400EC52B6 /* Info.plist */,
			);
			path = KeychainAppTwo;
			sourceTree = "<group>";
		};
		DC6E4CDE2790803000EC52B6 /* KeychainAppOne */ = {
			isa = PBXGroup;
			children = (
				DC6E4CEE2790804000EC52B6 /* KeychainAppOne.entitlements */,
				DC6E4CDF2790803000EC52B6 /* Media.xcassets */,
				DC6E4CE12790803000EC52B6 /* ActionViewController.swift */,
				DC6E4CE32790803000EC52B6 /* MainInterface.storyboard */,
				DC6E4CE62790803000EC52B6 /* Info.plist */,
			);
			path = KeychainAppOne;
			sourceTree = "<group>";
		};
		F45A8D54B6BDA451ED6F3110 /* Frameworks */ = {
			isa = PBXGroup;
			children = (
				DC6E4CD527907FFD00EC52B6 /* StoreKit.framework */,
				276965E8F2A83CD1E807BE46 /* Pods_KeychainAppTwo.framework */,
				DC6E4CDC2790803000EC52B6 /* UniformTypeIdentifiers.framework */,
				052637639594376710B101A2 /* Pods_KeychainAppOne.framework */,
			);
			name = Frameworks;
			sourceTree = "<group>";
		};
/* End PBXGroup section */

/* Begin PBXNativeTarget section */
		DC6E4CBA27907E8200EC52B6 /* KeychainAppTwo */ = {
			isa = PBXNativeTarget;
			buildConfigurationList = DC6E4CCF27907E8400EC52B6 /* Build configuration list for PBXNativeTarget "KeychainAppTwo" */;
			buildPhases = (
				3574F6A15AC99C46765C8990 /* [CP] Check Pods Manifest.lock */,
				DC6E4CB727907E8200EC52B6 /* Sources */,
				DC6E4CB827907E8200EC52B6 /* Frameworks */,
				DC6E4CB927907E8200EC52B6 /* Resources */,
				CE455B32B18A6742DE00D699 /* [CP] Embed Pods Frameworks */,
				DC6E4CED2790803000EC52B6 /* Embed App Extensions */,
			);
			buildRules = (
			);
			dependencies = (
				DC6E4CE82790803000EC52B6 /* PBXTargetDependency */,
			);
			name = KeychainAppTwo;
			productName = KeychainAppTwo;
			productReference = DC6E4CBB27907E8200EC52B6 /* KeychainAppTwo.app */;
			productType = "com.apple.product-type.application";
		};
		DC6E4CDA2790803000EC52B6 /* KeychainAppOne */ = {
			isa = PBXNativeTarget;
			buildConfigurationList = DC6E4CEA2790803000EC52B6 /* Build configuration list for PBXNativeTarget "KeychainAppOne" */;
			buildPhases = (
				29235B8B48E34EFA7CA7B02B /* [CP] Check Pods Manifest.lock */,
				DC6E4CD72790803000EC52B6 /* Sources */,
				DC6E4CD82790803000EC52B6 /* Frameworks */,
				DC6E4CD92790803000EC52B6 /* Resources */,
			);
			buildRules = (
			);
			dependencies = (
			);
			name = KeychainAppOne;
			productName = KeychainAppOne;
			productReference = DC6E4CDB2790803000EC52B6 /* KeychainAppOne.appex */;
			productType = "com.apple.product-type.app-extension";
		};
/* End PBXNativeTarget section */

/* Begin PBXProject section */
		DC6E4CB327907E8200EC52B6 /* Project object */ = {
			isa = PBXProject;
			attributes = {
				BuildIndependentTargetsInParallel = 1;
				LastSwiftUpdateCheck = 1310;
				LastUpgradeCheck = 1310;
				TargetAttributes = {
					DC6E4CBA27907E8200EC52B6 = {
						CreatedOnToolsVersion = 13.1;
					};
					DC6E4CDA2790803000EC52B6 = {
						CreatedOnToolsVersion = 13.1;
					};
				};
			};
			buildConfigurationList = DC6E4CB627907E8200EC52B6 /* Build configuration list for PBXProject "KeychainAppTwo" */;
			compatibilityVersion = "Xcode 13.0";
			developmentRegion = en;
			hasScannedForEncodings = 0;
			knownRegions = (
				en,
				Base,
			);
			mainGroup = DC6E4CB227907E8200EC52B6;
			productRefGroup = DC6E4CBC27907E8200EC52B6 /* Products */;
			projectDirPath = "";
			projectRoot = "";
			targets = (
				DC6E4CBA27907E8200EC52B6 /* KeychainAppTwo */,
				DC6E4CDA2790803000EC52B6 /* KeychainAppOne */,
			);
		};
/* End PBXProject section */

/* Begin PBXResourcesBuildPhase section */
		DC6E4CB927907E8200EC52B6 /* Resources */ = {
			isa = PBXResourcesBuildPhase;
			buildActionMask = 2147483647;
			files = (
				DC6E4CCB27907E8400EC52B6 /* LaunchScreen.storyboard in Resources */,
				DC6E4CC827907E8400EC52B6 /* Assets.xcassets in Resources */,
				DC6E4CC627907E8300EC52B6 /* Main.storyboard in Resources */,
			);
			runOnlyForDeploymentPostprocessing = 0;
		};
		DC6E4CD92790803000EC52B6 /* Resources */ = {
			isa = PBXResourcesBuildPhase;
			buildActionMask = 2147483647;
			files = (
				DC6E4CE02790803000EC52B6 /* Media.xcassets in Resources */,
				DC6E4CE52790803000EC52B6 /* MainInterface.storyboard in Resources */,
			);
			runOnlyForDeploymentPostprocessing = 0;
		};
/* End PBXResourcesBuildPhase section */

/* Begin PBXShellScriptBuildPhase section */
		29235B8B48E34EFA7CA7B02B /* [CP] Check Pods Manifest.lock */ = {
			isa = PBXShellScriptBuildPhase;
			buildActionMask = 2147483647;
			files = (
			);
			inputFileListPaths = (
			);
			inputPaths = (
				"${PODS_PODFILE_DIR_PATH}/Podfile.lock",
				"${PODS_ROOT}/Manifest.lock",
			);
			name = "[CP] Check Pods Manifest.lock";
			outputFileListPaths = (
			);
			outputPaths = (
				"$(DERIVED_FILE_DIR)/Pods-KeychainAppOne-checkManifestLockResult.txt",
			);
			runOnlyForDeploymentPostprocessing = 0;
			shellPath = /bin/sh;
			shellScript = "diff \"${PODS_PODFILE_DIR_PATH}/Podfile.lock\" \"${PODS_ROOT}/Manifest.lock\" > /dev/null\nif [ $? != 0 ] ; then\n    # print error to STDERR\n    echo \"error: The sandbox is not in sync with the Podfile.lock. Run 'pod install' or update your CocoaPods installation.\" >&2\n    exit 1\nfi\n# This output is used by Xcode 'outputs' to avoid re-running this script phase.\necho \"SUCCESS\" > \"${SCRIPT_OUTPUT_FILE_0}\"\n";
			showEnvVarsInLog = 0;
		};
		3574F6A15AC99C46765C8990 /* [CP] Check Pods Manifest.lock */ = {
			isa = PBXShellScriptBuildPhase;
			buildActionMask = 2147483647;
			files = (
			);
			inputFileListPaths = (
			);
			inputPaths = (
				"${PODS_PODFILE_DIR_PATH}/Podfile.lock",
				"${PODS_ROOT}/Manifest.lock",
			);
			name = "[CP] Check Pods Manifest.lock";
			outputFileListPaths = (
			);
			outputPaths = (
				"$(DERIVED_FILE_DIR)/Pods-KeychainAppTwo-checkManifestLockResult.txt",
			);
			runOnlyForDeploymentPostprocessing = 0;
			shellPath = /bin/sh;
			shellScript = "diff \"${PODS_PODFILE_DIR_PATH}/Podfile.lock\" \"${PODS_ROOT}/Manifest.lock\" > /dev/null\nif [ $? != 0 ] ; then\n    # print error to STDERR\n    echo \"error: The sandbox is not in sync with the Podfile.lock. Run 'pod install' or update your CocoaPods installation.\" >&2\n    exit 1\nfi\n# This output is used by Xcode 'outputs' to avoid re-running this script phase.\necho \"SUCCESS\" > \"${SCRIPT_OUTPUT_FILE_0}\"\n";
			showEnvVarsInLog = 0;
		};
		CE455B32B18A6742DE00D699 /* [CP] Embed Pods Frameworks */ = {
			isa = PBXShellScriptBuildPhase;
			buildActionMask = 2147483647;
			files = (
			);
			inputFileListPaths = (
				"${PODS_ROOT}/Target Support Files/Pods-KeychainAppTwo/Pods-KeychainAppTwo-frameworks-${CONFIGURATION}-input-files.xcfilelist",
			);
			name = "[CP] Embed Pods Frameworks";
			outputFileListPaths = (
				"${PODS_ROOT}/Target Support Files/Pods-KeychainAppTwo/Pods-KeychainAppTwo-frameworks-${CONFIGURATION}-output-files.xcfilelist",
			);
			runOnlyForDeploymentPostprocessing = 0;
			shellPath = /bin/sh;
			shellScript = "\"${PODS_ROOT}/Target Support Files/Pods-KeychainAppTwo/Pods-KeychainAppTwo-frameworks.sh\"\n";
			showEnvVarsInLog = 0;
		};
/* End PBXShellScriptBuildPhase section */

/* Begin PBXSourcesBuildPhase section */
		DC6E4CB727907E8200EC52B6 /* Sources */ = {
			isa = PBXSourcesBuildPhase;
			buildActionMask = 2147483647;
			files = (
				DC6E4CD327907FB400EC52B6 /* SharedKeychainSwift.swift in Sources */,
				DC6E4CC327907E8300EC52B6 /* SetViewController.swift in Sources */,
				DC6E4CBF27907E8200EC52B6 /* AppDelegate.swift in Sources */,
				DC6E4CC127907E8300EC52B6 /* SceneDelegate.swift in Sources */,
			);
			runOnlyForDeploymentPostprocessing = 0;
		};
		DC6E4CD72790803000EC52B6 /* Sources */ = {
			isa = PBXSourcesBuildPhase;
			buildActionMask = 2147483647;
			files = (
				DC6E4CF02790827A00EC52B6 /* SharedKeychainSwift.swift in Sources */,
				DC6E4CE22790803000EC52B6 /* ActionViewController.swift in Sources */,
			);
			runOnlyForDeploymentPostprocessing = 0;
		};
/* End PBXSourcesBuildPhase section */

/* Begin PBXTargetDependency section */
		DC6E4CE82790803000EC52B6 /* PBXTargetDependency */ = {
			isa = PBXTargetDependency;
			target = DC6E4CDA2790803000EC52B6 /* KeychainAppOne */;
			targetProxy = DC6E4CE72790803000EC52B6 /* PBXContainerItemProxy */;
		};
/* End PBXTargetDependency section */

/* Begin PBXVariantGroup section */
		DC6E4CC427907E8300EC52B6 /* Main.storyboard */ = {
			isa = PBXVariantGroup;
			children = (
				DC6E4CC527907E8300EC52B6 /* Base */,
			);
			name = Main.storyboard;
			sourceTree = "<group>";
		};
		DC6E4CC927907E8400EC52B6 /* LaunchScreen.storyboard */ = {
			isa = PBXVariantGroup;
			children = (
				DC6E4CCA27907E8400EC52B6 /* Base */,
			);
			name = LaunchScreen.storyboard;
			sourceTree = "<group>";
		};
		DC6E4CE32790803000EC52B6 /* MainInterface.storyboard */ = {
			isa = PBXVariantGroup;
			children = (
				DC6E4CE42790803000EC52B6 /* Base */,
			);
			name = MainInterface.storyboard;
			sourceTree = "<group>";
		};
/* End PBXVariantGroup section */

/* Begin XCBuildConfiguration section */
		DC6E4CCD27907E8400EC52B6 /* Debug */ = {
			isa = XCBuildConfiguration;
			buildSettings = {
				ALWAYS_SEARCH_USER_PATHS = NO;
				CLANG_ANALYZER_NONNULL = YES;
				CLANG_ANALYZER_NUMBER_OBJECT_CONVERSION = YES_AGGRESSIVE;
				CLANG_CXX_LANGUAGE_STANDARD = "gnu++17";
				CLANG_CXX_LIBRARY = "libc++";
				CLANG_ENABLE_MODULES = YES;
				CLANG_ENABLE_OBJC_ARC = YES;
				CLANG_ENABLE_OBJC_WEAK = YES;
				CLANG_WARN_BLOCK_CAPTURE_AUTORELEASING = YES;
				CLANG_WARN_BOOL_CONVERSION = YES;
				CLANG_WARN_COMMA = YES;
				CLANG_WARN_CONSTANT_CONVERSION = YES;
				CLANG_WARN_DEPRECATED_OBJC_IMPLEMENTATIONS = YES;
				CLANG_WARN_DIRECT_OBJC_ISA_USAGE = YES_ERROR;
				CLANG_WARN_DOCUMENTATION_COMMENTS = YES;
				CLANG_WARN_EMPTY_BODY = YES;
				CLANG_WARN_ENUM_CONVERSION = YES;
				CLANG_WARN_INFINITE_RECURSION = YES;
				CLANG_WARN_INT_CONVERSION = YES;
				CLANG_WARN_NON_LITERAL_NULL_CONVERSION = YES;
				CLANG_WARN_OBJC_IMPLICIT_RETAIN_SELF = YES;
				CLANG_WARN_OBJC_LITERAL_CONVERSION = YES;
				CLANG_WARN_OBJC_ROOT_CLASS = YES_ERROR;
				CLANG_WARN_QUOTED_INCLUDE_IN_FRAMEWORK_HEADER = YES;
				CLANG_WARN_RANGE_LOOP_ANALYSIS = YES;
				CLANG_WARN_STRICT_PROTOTYPES = YES;
				CLANG_WARN_SUSPICIOUS_MOVE = YES;
				CLANG_WARN_UNGUARDED_AVAILABILITY = YES_AGGRESSIVE;
				CLANG_WARN_UNREACHABLE_CODE = YES;
				CLANG_WARN__DUPLICATE_METHOD_MATCH = YES;
				COPY_PHASE_STRIP = NO;
				DEBUG_INFORMATION_FORMAT = dwarf;
				ENABLE_STRICT_OBJC_MSGSEND = YES;
				ENABLE_TESTABILITY = YES;
				GCC_C_LANGUAGE_STANDARD = gnu11;
				GCC_DYNAMIC_NO_PIC = NO;
				GCC_NO_COMMON_BLOCKS = YES;
				GCC_OPTIMIZATION_LEVEL = 0;
				GCC_PREPROCESSOR_DEFINITIONS = (
					"DEBUG=1",
					"$(inherited)",
				);
				GCC_WARN_64_TO_32_BIT_CONVERSION = YES;
				GCC_WARN_ABOUT_RETURN_TYPE = YES_ERROR;
				GCC_WARN_UNDECLARED_SELECTOR = YES;
				GCC_WARN_UNINITIALIZED_AUTOS = YES_AGGRESSIVE;
				GCC_WARN_UNUSED_FUNCTION = YES;
				GCC_WARN_UNUSED_VARIABLE = YES;
				IPHONEOS_DEPLOYMENT_TARGET = 13.0;
				MTL_ENABLE_DEBUG_INFO = INCLUDE_SOURCE;
				MTL_FAST_MATH = YES;
				ONLY_ACTIVE_ARCH = YES;
				SDKROOT = iphoneos;
				SWIFT_ACTIVE_COMPILATION_CONDITIONS = DEBUG;
				SWIFT_OPTIMIZATION_LEVEL = "-Onone";
			};
			name = Debug;
		};
		DC6E4CCE27907E8400EC52B6 /* Release */ = {
			isa = XCBuildConfiguration;
			buildSettings = {
				ALWAYS_SEARCH_USER_PATHS = NO;
				CLANG_ANALYZER_NONNULL = YES;
				CLANG_ANALYZER_NUMBER_OBJECT_CONVERSION = YES_AGGRESSIVE;
				CLANG_CXX_LANGUAGE_STANDARD = "gnu++17";
				CLANG_CXX_LIBRARY = "libc++";
				CLANG_ENABLE_MODULES = YES;
				CLANG_ENABLE_OBJC_ARC = YES;
				CLANG_ENABLE_OBJC_WEAK = YES;
				CLANG_WARN_BLOCK_CAPTURE_AUTORELEASING = YES;
				CLANG_WARN_BOOL_CONVERSION = YES;
				CLANG_WARN_COMMA = YES;
				CLANG_WARN_CONSTANT_CONVERSION = YES;
				CLANG_WARN_DEPRECATED_OBJC_IMPLEMENTATIONS = YES;
				CLANG_WARN_DIRECT_OBJC_ISA_USAGE = YES_ERROR;
				CLANG_WARN_DOCUMENTATION_COMMENTS = YES;
				CLANG_WARN_EMPTY_BODY = YES;
				CLANG_WARN_ENUM_CONVERSION = YES;
				CLANG_WARN_INFINITE_RECURSION = YES;
				CLANG_WARN_INT_CONVERSION = YES;
				CLANG_WARN_NON_LITERAL_NULL_CONVERSION = YES;
				CLANG_WARN_OBJC_IMPLICIT_RETAIN_SELF = YES;
				CLANG_WARN_OBJC_LITERAL_CONVERSION = YES;
				CLANG_WARN_OBJC_ROOT_CLASS = YES_ERROR;
				CLANG_WARN_QUOTED_INCLUDE_IN_FRAMEWORK_HEADER = YES;
				CLANG_WARN_RANGE_LOOP_ANALYSIS = YES;
				CLANG_WARN_STRICT_PROTOTYPES = YES;
				CLANG_WARN_SUSPICIOUS_MOVE = YES;
				CLANG_WARN_UNGUARDED_AVAILABILITY = YES_AGGRESSIVE;
				CLANG_WARN_UNREACHABLE_CODE = YES;
				CLANG_WARN__DUPLICATE_METHOD_MATCH = YES;
				COPY_PHASE_STRIP = NO;
				DEBUG_INFORMATION_FORMAT = "dwarf-with-dsym";
				ENABLE_NS_ASSERTIONS = NO;
				ENABLE_STRICT_OBJC_MSGSEND = YES;
				GCC_C_LANGUAGE_STANDARD = gnu11;
				GCC_NO_COMMON_BLOCKS = YES;
				GCC_WARN_64_TO_32_BIT_CONVERSION = YES;
				GCC_WARN_ABOUT_RETURN_TYPE = YES_ERROR;
				GCC_WARN_UNDECLARED_SELECTOR = YES;
				GCC_WARN_UNINITIALIZED_AUTOS = YES_AGGRESSIVE;
				GCC_WARN_UNUSED_FUNCTION = YES;
				GCC_WARN_UNUSED_VARIABLE = YES;
				IPHONEOS_DEPLOYMENT_TARGET = 13.0;
				MTL_ENABLE_DEBUG_INFO = NO;
				MTL_FAST_MATH = YES;
				SDKROOT = iphoneos;
				SWIFT_COMPILATION_MODE = wholemodule;
				SWIFT_OPTIMIZATION_LEVEL = "-O";
				VALIDATE_PRODUCT = YES;
			};
			name = Release;
		};
		DC6E4CD027907E8400EC52B6 /* Debug */ = {
			isa = XCBuildConfiguration;
			baseConfigurationReference = 3B455C4BE8566DC0F5B37E2E /* Pods-KeychainAppTwo.debug.xcconfig */;
			buildSettings = {
				ALWAYS_EMBED_SWIFT_STANDARD_LIBRARIES = "$(inherited)";
				ASSETCATALOG_COMPILER_APPICON_NAME = AppIcon;
				ASSETCATALOG_COMPILER_GLOBAL_ACCENT_COLOR_NAME = AccentColor;
				CODE_SIGN_ENTITLEMENTS = KeychainAppTwo/KeychainAppTwo.entitlements;
				CODE_SIGN_STYLE = Automatic;
				CURRENT_PROJECT_VERSION = 1;
				DEVELOPMENT_TEAM = RF9T8S9829;
				GENERATE_INFOPLIST_FILE = YES;
				INFOPLIST_FILE = KeychainAppTwo/Info.plist;
				INFOPLIST_KEY_UIApplicationSupportsIndirectInputEvents = YES;
				INFOPLIST_KEY_UILaunchStoryboardName = LaunchScreen;
				INFOPLIST_KEY_UIMainStoryboardFile = Main;
				INFOPLIST_KEY_UISupportedInterfaceOrientations_iPad = "UIInterfaceOrientationPortrait UIInterfaceOrientationPortraitUpsideDown UIInterfaceOrientationLandscapeLeft UIInterfaceOrientationLandscapeRight";
				INFOPLIST_KEY_UISupportedInterfaceOrientations_iPhone = "UIInterfaceOrientationPortrait UIInterfaceOrientationLandscapeLeft UIInterfaceOrientationLandscapeRight";
				LD_RUNPATH_SEARCH_PATHS = (
					"$(inherited)",
					"@executable_path/Frameworks",
				);
				MARKETING_VERSION = 1.0;
				PRODUCT_BUNDLE_IDENTIFIER = com.mobiledevelopment.rss.app.dev;
				PRODUCT_NAME = "$(TARGET_NAME)";
				SWIFT_EMIT_LOC_STRINGS = YES;
				SWIFT_VERSION = 5.0;
				TARGETED_DEVICE_FAMILY = "1,2";
			};
			name = Debug;
		};
		DC6E4CD127907E8400EC52B6 /* Release */ = {
			isa = XCBuildConfiguration;
			baseConfigurationReference = DCC5AEEEFCA5DDDA024D697A /* Pods-KeychainAppTwo.release.xcconfig */;
			buildSettings = {
				ALWAYS_EMBED_SWIFT_STANDARD_LIBRARIES = "$(inherited)";
				ASSETCATALOG_COMPILER_APPICON_NAME = AppIcon;
				ASSETCATALOG_COMPILER_GLOBAL_ACCENT_COLOR_NAME = AccentColor;
				CODE_SIGN_ENTITLEMENTS = KeychainAppTwo/KeychainAppTwo.entitlements;
				CODE_SIGN_STYLE = Automatic;
				CURRENT_PROJECT_VERSION = 1;
				DEVELOPMENT_TEAM = RF9T8S9829;
				GENERATE_INFOPLIST_FILE = YES;
				INFOPLIST_FILE = KeychainAppTwo/Info.plist;
				INFOPLIST_KEY_UIApplicationSupportsIndirectInputEvents = YES;
				INFOPLIST_KEY_UILaunchStoryboardName = LaunchScreen;
				INFOPLIST_KEY_UIMainStoryboardFile = Main;
				INFOPLIST_KEY_UISupportedInterfaceOrientations_iPad = "UIInterfaceOrientationPortrait UIInterfaceOrientationPortraitUpsideDown UIInterfaceOrientationLandscapeLeft UIInterfaceOrientationLandscapeRight";
				INFOPLIST_KEY_UISupportedInterfaceOrientations_iPhone = "UIInterfaceOrientationPortrait UIInterfaceOrientationLandscapeLeft UIInterfaceOrientationLandscapeRight";
				LD_RUNPATH_SEARCH_PATHS = (
					"$(inherited)",
					"@executable_path/Frameworks",
				);
				MARKETING_VERSION = 1.0;
				PRODUCT_BUNDLE_IDENTIFIER = com.mobiledevelopment.rss.app.dev;
				PRODUCT_NAME = "$(TARGET_NAME)";
				SWIFT_EMIT_LOC_STRINGS = YES;
				SWIFT_VERSION = 5.0;
				TARGETED_DEVICE_FAMILY = "1,2";
			};
			name = Release;
		};
		DC6E4CEB2790803000EC52B6 /* Debug */ = {
			isa = XCBuildConfiguration;
			baseConfigurationReference = D11817A6E0608AF85ED0F7D5 /* Pods-KeychainAppOne.debug.xcconfig */;
			buildSettings = {
				ALWAYS_EMBED_SWIFT_STANDARD_LIBRARIES = "$(inherited)";
				CODE_SIGN_ENTITLEMENTS = KeychainAppOne/KeychainAppOne.entitlements;
				CODE_SIGN_STYLE = Automatic;
				CURRENT_PROJECT_VERSION = 1;
				DEVELOPMENT_TEAM = RF9T8S9829;
				GENERATE_INFOPLIST_FILE = YES;
				INFOPLIST_FILE = KeychainAppOne/Info.plist;
				INFOPLIST_KEY_CFBundleDisplayName = KeychainAppOne;
				INFOPLIST_KEY_NSHumanReadableCopyright = "";
				IPHONEOS_DEPLOYMENT_TARGET = 15.0;
				LD_RUNPATH_SEARCH_PATHS = (
					"$(inherited)",
					"@executable_path/Frameworks",
					"@executable_path/../../Frameworks",
				);
				MARKETING_VERSION = 1.0;
				PRODUCT_BUNDLE_IDENTIFIER = com.mobiledevelopment.rss.app.stage;
				PRODUCT_NAME = "$(TARGET_NAME)";
				SKIP_INSTALL = YES;
				SWIFT_EMIT_LOC_STRINGS = YES;
				SWIFT_VERSION = 5.0;
				TARGETED_DEVICE_FAMILY = "1,2";
			};
			name = Debug;
		};
		DC6E4CEC2790803000EC52B6 /* Release */ = {
			isa = XCBuildConfiguration;
			baseConfigurationReference = 13AE6714E5A6B9E7AFB63AFD /* Pods-KeychainAppOne.release.xcconfig */;
			buildSettings = {
				ALWAYS_EMBED_SWIFT_STANDARD_LIBRARIES = "$(inherited)";
				CODE_SIGN_ENTITLEMENTS = KeychainAppOne/KeychainAppOne.entitlements;
				CODE_SIGN_STYLE = Automatic;
				CURRENT_PROJECT_VERSION = 1;
				DEVELOPMENT_TEAM = RF9T8S9829;
				GENERATE_INFOPLIST_FILE = YES;
				INFOPLIST_FILE = KeychainAppOne/Info.plist;
				INFOPLIST_KEY_CFBundleDisplayName = KeychainAppOne;
				INFOPLIST_KEY_NSHumanReadableCopyright = "";
				IPHONEOS_DEPLOYMENT_TARGET = 15.0;
				LD_RUNPATH_SEARCH_PATHS = (
					"$(inherited)",
					"@executable_path/Frameworks",
					"@executable_path/../../Frameworks",
				);
				MARKETING_VERSION = 1.0;
				PRODUCT_BUNDLE_IDENTIFIER = com.mobiledevelopment.rss.app.stage;
				PRODUCT_NAME = "$(TARGET_NAME)";
				SKIP_INSTALL = YES;
				SWIFT_EMIT_LOC_STRINGS = YES;
				SWIFT_VERSION = 5.0;
				TARGETED_DEVICE_FAMILY = "1,2";
			};
			name = Release;
		};
/* End XCBuildConfiguration section */

/* Begin XCConfigurationList section */
		DC6E4CB627907E8200EC52B6 /* Build configuration list for PBXProject "KeychainAppTwo" */ = {
			isa = XCConfigurationList;
			buildConfigurations = (
				DC6E4CCD27907E8400EC52B6 /* Debug */,
				DC6E4CCE27907E8400EC52B6 /* Release */,
			);
			defaultConfigurationIsVisible = 0;
			defaultConfigurationName = Release;
		};
		DC6E4CCF27907E8400EC52B6 /* Build configuration list for PBXNativeTarget "KeychainAppTwo" */ = {
			isa = XCConfigurationList;
			buildConfigurations = (
				DC6E4CD027907E8400EC52B6 /* Debug */,
				DC6E4CD127907E8400EC52B6 /* Release */,
			);
			defaultConfigurationIsVisible = 0;
			defaultConfigurationName = Release;
		};
		DC6E4CEA2790803000EC52B6 /* Build configuration list for PBXNativeTarget "KeychainAppOne" */ = {
			isa = XCConfigurationList;
			buildConfigurations = (
				DC6E4CEB2790803000EC52B6 /* Debug */,
				DC6E4CEC2790803000EC52B6 /* Release */,
			);
			defaultConfigurationIsVisible = 0;
			defaultConfigurationName = Release;
		};
/* End XCConfigurationList section */
	};
	rootObject = DC6E4CB327907E8200EC52B6 /* Project object */;
}
